{
    "name": "v4l2camera",
    "version": "1.0.4",
    "lockfileVersion": 1,
    "requires": true,
    "dependencies": {
        "jpeg-js": {
            "version": "0.3.4",
            "resolved": "https://registry.npmjs.org/jpeg-js/-/jpeg-js-0.3.4.tgz",
            "integrity": "sha512-6IzjQxvnlT8UlklNmDXIJMWxijULjqGrzgqc0OG7YadZdvm7KPQ1j0ehmQQHckgEWOfgpptzcnWgESovxudpTA==",
            "dev": true
        },
        "nan": {
            "version": "2.11.1",
            "resolved": "https://registry.npmjs.org/nan/-/nan-2.11.1.tgz",
            "integrity": "sha512-iji6k87OSXa0CcrLl9z+ZiYSuR2o+c0bGuNmXdrhTQTakxytAFsC56SArGYoiHlJlFoHSnvmhpceZJaXkVuOtA=="
        },
        "pngjs": {
            "version": "3.3.3",
            "resolved": "https://registry.npmjs.org/pngjs/-/pngjs-3.3.3.tgz",
            "integrity": "sha512-1n3Z4p3IOxArEs1VRXnZ/RXdfEniAUS9jb68g58FIXMNkPJeZd+Qh4Uq7/e0LVxAQGos1eIUrqrt4FpjdnEd+Q==",
            "dev": true
        }
    }
}
